
Microsoft Visual Studio Solution File, Format Version 12.00
# Visual Studio Version 17
VisualStudioVersion = 17.0.31903.59
MinimumVisualStudioVersion = 10.0.40219.1
Project("{2150E333-8FDC-42A3-9474-1A3956D46DE8}") = "application", "application", "{1FB4D6FD-3B0C-44D6-81EB-DE9D81D56D6D}"
EndProject
Project("{2150E333-8FDC-42A3-9474-1A3956D46DE8}") = "infra.Ioc", "infra.Ioc", "{03F1D673-1694-4012-923B-E60902866A9B}"
EndProject
Project("{2150E333-8FDC-42A3-9474-1A3956D46DE8}") = "infra.Data", "infra.Data", "{BBD98136-1EDE-42BD-A7A6-D56B586D402A}"
EndProject
Project("{2150E333-8FDC-42A3-9474-1A3956D46DE8}") = "UI.MVC", "UI.MVC", "{BD2F2117-DF85-42AB-8EEE-4AB76606BC69}"
EndProject
Project("{9A19103F-16F7-4668-BE54-9A1E7A4F7556}") = "CleanArch.MVC", "CleanArch.MVC\CleanArch.MVC.csproj", "{017CF1FA-82C0-431C-B89D-AE49BD27CF99}"
EndProject
Project("{2150E333-8FDC-42A3-9474-1A3956D46DE8}") = "Domain", "Domain", "{48B72EA2-535D-405B-A694-6820E2B98AA7}"
EndProject
Project("{9A19103F-16F7-4668-BE54-9A1E7A4F7556}") = "CleanArch.Domain", "CleanArch.Domain\CleanArch.Domain.csproj", "{70E6E94A-A3DA-4325-8C24-9BFAD3555D57}"
EndProject
Project("{9A19103F-16F7-4668-BE54-9A1E7A4F7556}") = "CleanArch.Infra.Data", "CleanArch.Infra.Data\CleanArch.Infra.Data.csproj", "{16416539-7CF7-4B76-BA8B-39045E9AEEB0}"
EndProject
Project("{FAE04EC0-301F-11D3-BF4B-00C04F79EFBC}") = "CleanArch.Application", "CleanArch.Application\CleanArch.Application.csproj", "{23AE7064-E820-4800-A3C3-65E3B170F1AA}"
EndProject
Global
	GlobalSection(SolutionConfigurationPlatforms) = preSolution
		Debug|Any CPU = Debug|Any CPU
		Release|Any CPU = Release|Any CPU
	EndGlobalSection
	GlobalSection(ProjectConfigurationPlatforms) = postSolution
		{017CF1FA-82C0-431C-B89D-AE49BD27CF99}.Debug|Any CPU.ActiveCfg = Debug|Any CPU
		{017CF1FA-82C0-431C-B89D-AE49BD27CF99}.Debug|Any CPU.Build.0 = Debug|Any CPU
		{017CF1FA-82C0-431C-B89D-AE49BD27CF99}.Release|Any CPU.ActiveCfg = Release|Any CPU
		{017CF1FA-82C0-431C-B89D-AE49BD27CF99}.Release|Any CPU.Build.0 = Release|Any CPU
		{70E6E94A-A3DA-4325-8C24-9BFAD3555D57}.Debug|Any CPU.ActiveCfg = Debug|Any CPU
		{70E6E94A-A3DA-4325-8C24-9BFAD3555D57}.Debug|Any CPU.Build.0 = Debug|Any CPU
		{70E6E94A-A3DA-4325-8C24-9BFAD3555D57}.Release|Any CPU.ActiveCfg = Release|Any CPU
		{70E6E94A-A3DA-4325-8C24-9BFAD3555D57}.Release|Any CPU.Build.0 = Release|Any CPU
		{16416539-7CF7-4B76-BA8B-39045E9AEEB0}.Debug|Any CPU.ActiveCfg = Debug|Any CPU
		{16416539-7CF7-4B76-BA8B-39045E9AEEB0}.Debug|Any CPU.Build.0 = Debug|Any CPU
		{16416539-7CF7-4B76-BA8B-39045E9AEEB0}.Release|Any CPU.ActiveCfg = Release|Any CPU
		{16416539-7CF7-4B76-BA8B-39045E9AEEB0}.Release|Any CPU.Build.0 = Release|Any CPU
		{23AE7064-E820-4800-A3C3-65E3B170F1AA}.Debug|Any CPU.ActiveCfg = Debug|Any CPU
		{23AE7064-E820-4800-A3C3-65E3B170F1AA}.Debug|Any CPU.Build.0 = Debug|Any CPU
		{23AE7064-E820-4800-A3C3-65E3B170F1AA}.Release|Any CPU.ActiveCfg = Release|Any CPU
		{23AE7064-E820-4800-A3C3-65E3B170F1AA}.Release|Any CPU.Build.0 = Release|Any CPU
	EndGlobalSection
	GlobalSection(SolutionProperties) = preSolution
		HideSolutionNode = FALSE
	EndGlobalSection
	GlobalSection(NestedProjects) = preSolution
		{017CF1FA-82C0-431C-B89D-AE49BD27CF99} = {BD2F2117-DF85-42AB-8EEE-4AB76606BC69}
		{70E6E94A-A3DA-4325-8C24-9BFAD3555D57} = {48B72EA2-535D-405B-A694-6820E2B98AA7}
		{16416539-7CF7-4B76-BA8B-39045E9AEEB0} = {BBD98136-1EDE-42BD-A7A6-D56B586D402A}
		{23AE7064-E820-4800-A3C3-65E3B170F1AA} = {1FB4D6FD-3B0C-44D6-81EB-DE9D81D56D6D}
	EndGlobalSection
	GlobalSection(ExtensibilityGlobals) = postSolution
		SolutionGuid = {9EE11BF3-A95C-407F-9F79-992CBA2F2943}
	EndGlobalSection
EndGlobal
